// !$*UTF8*$!
{
	archiveVersion = 1;
	classes = {
	};
	objectVersion = 46;
	objects = {

/* Begin PBXBuildFile section */
		B30A15A81B77DA0400E5F3F2 /* AppDelegate.swift in Sources */ = {isa = PBXBuildFile; fileRef = B30A15A71B77DA0400E5F3F2 /* AppDelegate.swift */; };
		B30A15AB1B77DA0400E5F3F2 /* Virtual_Tourist.xcdatamodeld in Sources */ = {isa = PBXBuildFile; fileRef = B30A15A91B77DA0400E5F3F2 /* Virtual_Tourist.xcdatamodeld */; };
		B30A15AD1B77DA0400E5F3F2 /* TravelLocationsMapViewController.swift in Sources */ = {isa = PBXBuildFile; fileRef = B30A15AC1B77DA0400E5F3F2 /* TravelLocationsMapViewController.swift */; };
		B30A15B01B77DA0400E5F3F2 /* Main.storyboard in Resources */ = {isa = PBXBuildFile; fileRef = B30A15AE1B77DA0400E5F3F2 /* Main.storyboard */; };
		B30A15B21B77DA0400E5F3F2 /* Images.xcassets in Resources */ = {isa = PBXBuildFile; fileRef = B30A15B11B77DA0400E5F3F2 /* Images.xcassets */; };
		B30A15B51B77DA0400E5F3F2 /* LaunchScreen.xib in Resources */ = {isa = PBXBuildFile; fileRef = B30A15B31B77DA0400E5F3F2 /* LaunchScreen.xib */; };
		B30A15C11B77DA0400E5F3F2 /* Virtual_TouristTests.swift in Sources */ = {isa = PBXBuildFile; fileRef = B30A15C01B77DA0400E5F3F2 /* Virtual_TouristTests.swift */; };
		B30A15CB1B77DDAF00E5F3F2 /* MapKit.framework in Frameworks */ = {isa = PBXBuildFile; fileRef = B30A15CA1B77DDAF00E5F3F2 /* MapKit.framework */; };
		B30A15CD1B77E00B00E5F3F2 /* PhotoAlbumViewController.swift in Sources */ = {isa = PBXBuildFile; fileRef = B30A15CC1B77E00B00E5F3F2 /* PhotoAlbumViewController.swift */; };
/* End PBXBuildFile section */

/* Begin PBXContainerItemProxy section */
		B30A15BB1B77DA0400E5F3F2 /* PBXContainerItemProxy */ = {
			isa = PBXContainerItemProxy;
			containerPortal = B30A159A1B77DA0300E5F3F2 /* Project object */;
			proxyType = 1;
			remoteGlobalIDString = B30A15A11B77DA0300E5F3F2;
			remoteInfo = "Virtual Tourist";
		};
/* End PBXContainerItemProxy section */

/* Begin PBXFileReference section */
		B30A15A21B77DA0400E5F3F2 /* Virtual Tourist.app */ = {isa = PBXFileReference; explicitFileType = wrapper.application; includeInIndex = 0; path = "Virtual Tourist.app"; sourceTree = BUILT_PRODUCTS_DIR; };
		B30A15A61B77DA0400E5F3F2 /* Info.plist */ = {isa = PBXFileReference; lastKnownFileType = text.plist.xml; path = Info.plist; sourceTree = "<group>"; };
		B30A15A71B77DA0400E5F3F2 /* AppDelegate.swift */ = {isa = PBXFileReference; lastKnownFileType = sourcecode.swift; path = AppDelegate.swift; sourceTree = "<group>"; };
		B30A15AA1B77DA0400E5F3F2 /* Virtual_Tourist.xcdatamodel */ = {isa = PBXFileReference; lastKnownFileType = wrapper.xcdatamodel; path = Virtual_Tourist.xcdatamodel; sourceTree = "<group>"; };
		B30A15AC1B77DA0400E5F3F2 /* TravelLocationsMapViewController.swift */ = {isa = PBXFileReference; lastKnownFileType = sourcecode.swift; path = TravelLocationsMapViewController.swift; sourceTree = "<group>"; };
		B30A15AF1B77DA0400E5F3F2 /* Base */ = {isa = PBXFileReference; lastKnownFileType = file.storyboard; name = Base; path = Base.lproj/Main.storyboard; sourceTree = "<group>"; };
		B30A15B11B77DA0400E5F3F2 /* Images.xcassets */ = {isa = PBXFileReference; lastKnownFileType = folder.assetcatalog; path = Images.xcassets; sourceTree = "<group>"; };
		B30A15B41B77DA0400E5F3F2 /* Base */ = {isa = PBXFileReference; lastKnownFileType = file.xib; name = Base; path = Base.lproj/LaunchScreen.xib; sourceTree = "<group>"; };
		B30A15BA1B77DA0400E5F3F2 /* Virtual TouristTests.xctest */ = {isa = PBXFileReference; explicitFileType = wrapper.cfbundle; includeInIndex = 0; path = "Virtual TouristTests.xctest"; sourceTree = BUILT_PRODUCTS_DIR; };
		B30A15BF1B77DA0400E5F3F2 /* Info.plist */ = {isa = PBXFileReference; lastKnownFileType = text.plist.xml; path = Info.plist; sourceTree = "<group>"; };
		B30A15C01B77DA0400E5F3F2 /* Virtual_TouristTests.swift */ = {isa = PBXFileReference; lastKnownFileType = sourcecode.swift; path = Virtual_TouristTests.swift; sourceTree = "<group>"; };
		B30A15CA1B77DDAF00E5F3F2 /* MapKit.framework */ = {isa = PBXFileReference; lastKnownFileType = wrapper.framework; name = MapKit.framework; path = System/Library/Frameworks/MapKit.framework; sourceTree = SDKROOT; };
		B30A15CC1B77E00B00E5F3F2 /* PhotoAlbumViewController.swift */ = {isa = PBXFileReference; fileEncoding = 4; lastKnownFileType = sourcecode.swift; path = PhotoAlbumViewController.swift; sourceTree = "<group>"; };
/* End PBXFileReference section */

/* Begin PBXFrameworksBuildPhase section */
		B30A159F1B77DA0300E5F3F2 /* Frameworks */ = {
			isa = PBXFrameworksBuildPhase;
			buildActionMask = 2147483647;
			files = (
				B30A15CB1B77DDAF00E5F3F2 /* MapKit.framework in Frameworks */,
			);
			runOnlyForDeploymentPostprocessing = 0;
		};
		B30A15B71B77DA0400E5F3F2 /* Frameworks */ = {
			isa = PBXFrameworksBuildPhase;
			buildActionMask = 2147483647;
			files = (
			);
			runOnlyForDeploymentPostprocessing = 0;
		};
/* End PBXFrameworksBuildPhase section */

/* Begin PBXGroup section */
		B30A15991B77DA0300E5F3F2 = {
			isa = PBXGroup;
			children = (
				B30A15CA1B77DDAF00E5F3F2 /* MapKit.framework */,
				B30A15A41B77DA0400E5F3F2 /* Virtual Tourist */,
				B30A15BD1B77DA0400E5F3F2 /* Virtual TouristTests */,
				B30A15A31B77DA0400E5F3F2 /* Products */,
			);
			sourceTree = "<group>";
		};
		B30A15A31B77DA0400E5F3F2 /* Products */ = {
			isa = PBXGroup;
			children = (
				B30A15A21B77DA0400E5F3F2 /* Virtual Tourist.app */,
				B30A15BA1B77DA0400E5F3F2 /* Virtual TouristTests.xctest */,
			);
			name = Products;
			sourceTree = "<group>";
		};
		B30A15A41B77DA0400E5F3F2 /* Virtual Tourist */ = {
			isa = PBXGroup;
			children = (
				B30A15A71B77DA0400E5F3F2 /* AppDelegate.swift */,
				B30A15AC1B77DA0400E5F3F2 /* TravelLocationsMapViewController.swift */,
				B30A15AE1B77DA0400E5F3F2 /* Main.storyboard */,
				B30A15B11B77DA0400E5F3F2 /* Images.xcassets */,
				B30A15B31B77DA0400E5F3F2 /* LaunchScreen.xib */,
				B30A15A91B77DA0400E5F3F2 /* Virtual_Tourist.xcdatamodeld */,
				B30A15A51B77DA0400E5F3F2 /* Supporting Files */,
				B30A15CC1B77E00B00E5F3F2 /* PhotoAlbumViewController.swift */,
			);
			path = "Virtual Tourist";
			sourceTree = "<group>";
		};
		B30A15A51B77DA0400E5F3F2 /* Supporting Files */ = {
			isa = PBXGroup;
			children = (
				B30A15A61B77DA0400E5F3F2 /* Info.plist */,
			);
			name = "Supporting Files";
			sourceTree = "<group>";
		};
		B30A15BD1B77DA0400E5F3F2 /* Virtual TouristTests */ = {
			isa = PBXGroup;
			children = (
				B30A15C01B77DA0400E5F3F2 /* Virtual_TouristTests.swift */,
				B30A15BE1B77DA0400E5F3F2 /* Supporting Files */,
			);
			path = "Virtual TouristTests";
			sourceTree = "<group>";
		};
		B30A15BE1B77DA0400E5F3F2 /* Supporting Files */ = {
			isa = PBXGroup;
			children = (
				B30A15BF1B77DA0400E5F3F2 /* Info.plist */,
			);
			name = "Supporting Files";
			sourceTree = "<group>";
		};
/* End PBXGroup section */

/* Begin PBXNativeTarget section */
		B30A15A11B77DA0300E5F3F2 /* Virtual Tourist */ = {
			isa = PBXNativeTarget;
			buildConfigurationList = B30A15C41B77DA0400E5F3F2 /* Build configuration list for PBXNativeTarget "Virtual Tourist" */;
			buildPhases = (
				B30A159E1B77DA0300E5F3F2 /* Sources */,
				B30A159F1B77DA0300E5F3F2 /* Frameworks */,
				B30A15A01B77DA0300E5F3F2 /* Resources */,
			);
			buildRules = (
			);
			dependencies = (
			);
			name = "Virtual Tourist";
			productName = "Virtual Tourist";
			productReference = B30A15A21B77DA0400E5F3F2 /* Virtual Tourist.app */;
			productType = "com.apple.product-type.application";
		};
		B30A15B91B77DA0400E5F3F2 /* Virtual TouristTests */ = {
			isa = PBXNativeTarget;
			buildConfigurationList = B30A15C71B77DA0400E5F3F2 /* Build configuration list for PBXNativeTarget "Virtual TouristTests" */;
			buildPhases = (
				B30A15B61B77DA0400E5F3F2 /* Sources */,
				B30A15B71B77DA0400E5F3F2 /* Frameworks */,
				B30A15B81B77DA0400E5F3F2 /* Resources */,
			);
			buildRules = (
			);
			dependencies = (
				B30A15BC1B77DA0400E5F3F2 /* PBXTargetDependency */,
			);
			name = "Virtual TouristTests";
			productName = "Virtual TouristTests";
			productReference = B30A15BA1B77DA0400E5F3F2 /* Virtual TouristTests.xctest */;
			productType = "com.apple.product-type.bundle.unit-test";
		};
/* End PBXNativeTarget section */

/* Begin PBXProject section */
		B30A159A1B77DA0300E5F3F2 /* Project object */ = {
			isa = PBXProject;
			attributes = {
				LastSwiftUpdateCheck = 0700;
				LastUpgradeCheck = 0640;
				ORGANIZATIONNAME = "Aldin Fajic";
				TargetAttributes = {
					B30A15A11B77DA0300E5F3F2 = {
						CreatedOnToolsVersion = 6.4;
					};
					B30A15B91B77DA0400E5F3F2 = {
						CreatedOnToolsVersion = 6.4;
						TestTargetID = B30A15A11B77DA0300E5F3F2;
					};
				};
			};
			buildConfigurationList = B30A159D1B77DA0300E5F3F2 /* Build configuration list for PBXProject "Virtual Tourist" */;
			compatibilityVersion = "Xcode 3.2";
			developmentRegion = English;
			hasScannedForEncodings = 0;
			knownRegions = (
				en,
				Base,
			);
			mainGroup = B30A15991B77DA0300E5F3F2;
			productRefGroup = B30A15A31B77DA0400E5F3F2 /* Products */;
			projectDirPath = "";
			projectRoot = "";
			targets = (
				B30A15A11B77DA0300E5F3F2 /* Virtual Tourist */,
				B30A15B91B77DA0400E5F3F2 /* Virtual TouristTests */,
			);
		};
/* End PBXProject section */

/* Begin PBXResourcesBuildPhase section */
		B30A15A01B77DA0300E5F3F2 /* Resources */ = {
			isa = PBXResourcesBuildPhase;
			buildActionMask = 2147483647;
			files = (
				B30A15B01B77DA0400E5F3F2 /* Main.storyboard in Resources */,
				B30A15B51B77DA0400E5F3F2 /* LaunchScreen.xib in Resources */,
				B30A15B21B77DA0400E5F3F2 /* Images.xcassets in Resources */,
			);
			runOnlyForDeploymentPostprocessing = 0;
		};
		B30A15B81B77DA0400E5F3F2 /* Resources */ = {
			isa = PBXResourcesBuildPhase;
			buildActionMask = 2147483647;
			files = (
			);
			runOnlyForDeploymentPostprocessing = 0;
		};
/* End PBXResourcesBuildPhase section */

/* Begin PBXSourcesBuildPhase section */
		B30A159E1B77DA0300E5F3F2 /* Sources */ = {
			isa = PBXSourcesBuildPhase;
			buildActionMask = 2147483647;
			files = (
				B30A15AD1B77DA0400E5F3F2 /* TravelLocationsMapViewController.swift in Sources */,
				B30A15AB1B77DA0400E5F3F2 /* Virtual_Tourist.xcdatamodeld in Sources */,
				B30A15A81B77DA0400E5F3F2 /* AppDelegate.swift in Sources */,
				B30A15CD1B77E00B00E5F3F2 /* PhotoAlbumViewController.swift in Sources */,
			);
			runOnlyForDeploymentPostprocessing = 0;
		};
		B30A15B61B77DA0400E5F3F2 /* Sources */ = {
			isa = PBXSourcesBuildPhase;
			buildActionMask = 2147483647;
			files = (
				B30A15C11B77DA0400E5F3F2 /* Virtual_TouristTests.swift in Sources */,
			);
			runOnlyForDeploymentPostprocessing = 0;
		};
/* End PBXSourcesBuildPhase section */

/* Begin PBXTargetDependency section */
		B30A15BC1B77DA0400E5F3F2 /* PBXTargetDependency */ = {
			isa = PBXTargetDependency;
			target = B30A15A11B77DA0300E5F3F2 /* Virtual Tourist */;
			targetProxy = B30A15BB1B77DA0400E5F3F2 /* PBXContainerItemProxy */;
		};
/* End PBXTargetDependency section */

/* Begin PBXVariantGroup section */
		B30A15AE1B77DA0400E5F3F2 /* Main.storyboard */ = {
			isa = PBXVariantGroup;
			children = (
				B30A15AF1B77DA0400E5F3F2 /* Base */,
			);
			name = Main.storyboard;
			sourceTree = "<group>";
		};
		B30A15B31B77DA0400E5F3F2 /* LaunchScreen.xib */ = {
			isa = PBXVariantGroup;
			children = (
				B30A15B41B77DA0400E5F3F2 /* Base */,
			);
			name = LaunchScreen.xib;
			sourceTree = "<group>";
		};
/* End PBXVariantGroup section */

/* Begin XCBuildConfiguration section */
		B30A15C21B77DA0400E5F3F2 /* Debug */ = {
			isa = XCBuildConfiguration;
			buildSettings = {
				ALWAYS_SEARCH_USER_PATHS = NO;
				CLANG_CXX_LANGUAGE_STANDARD = "gnu++0x";
				CLANG_CXX_LIBRARY = "libc++";
				CLANG_ENABLE_MODULES = YES;
				CLANG_ENABLE_OBJC_ARC = YES;
				CLANG_WARN_BOOL_CONVERSION = YES;
				CLANG_WARN_CONSTANT_CONVERSION = YES;
				CLANG_WARN_DIRECT_OBJC_ISA_USAGE = YES_ERROR;
				CLANG_WARN_EMPTY_BODY = YES;
				CLANG_WARN_ENUM_CONVERSION = YES;
				CLANG_WARN_INT_CONVERSION = YES;
				CLANG_WARN_OBJC_ROOT_CLASS = YES_ERROR;
				CLANG_WARN_UNREACHABLE_CODE = YES;
				CLANG_WARN__DUPLICATE_METHOD_MATCH = YES;
				"CODE_SIGN_IDENTITY[sdk=iphoneos*]" = "iPhone Developer";
				COPY_PHASE_STRIP = NO;
				DEBUG_INFORMATION_FORMAT = "dwarf-with-dsym";
				ENABLE_STRICT_OBJC_MSGSEND = YES;
				GCC_C_LANGUAGE_STANDARD = gnu99;
				GCC_DYNAMIC_NO_PIC = NO;
				GCC_NO_COMMON_BLOCKS = YES;
				GCC_OPTIMIZATION_LEVEL = 0;
				GCC_PREPROCESSOR_DEFINITIONS = (
					"DEBUG=1",
					"$(inherited)",
				);
				GCC_SYMBOLS_PRIVATE_EXTERN = NO;
				GCC_WARN_64_TO_32_BIT_CONVERSION = YES;
				GCC_WARN_ABOUT_RETURN_TYPE = YES_ERROR;
				GCC_WARN_UNDECLARED_SELECTOR = YES;
				GCC_WARN_UNINITIALIZED_AUTOS = YES_AGGRESSIVE;
				GCC_WARN_UNUSED_FUNCTION = YES;
				GCC_WARN_UNUSED_VARIABLE = YES;
				IPHONEOS_DEPLOYMENT_TARGET = 8.4;
				MTL_ENABLE_DEBUG_INFO = YES;
				ONLY_ACTIVE_ARCH = YES;
				SDKROOT = iphoneos;
				SWIFT_OPTIMIZATION_LEVEL = "-Onone";
			};
			name = Debug;
		};
		B30A15C31B77DA0400E5F3F2 /* Release */ = {
			isa = XCBuildConfiguration;
			buildSettings = {
				ALWAYS_SEARCH_USER_PATHS = NO;
				CLANG_CXX_LANGUAGE_STANDARD = "gnu++0x";
				CLANG_CXX_LIBRARY = "libc++";
				CLANG_ENABLE_MODULES = YES;
				CLANG_ENABLE_OBJC_ARC = YES;
				CLANG_WARN_BOOL_CONVERSION = YES;
				CLANG_WARN_CONSTANT_CONVERSION = YES;
				CLANG_WARN_DIRECT_OBJC_ISA_USAGE = YES_ERROR;
				CLANG_WARN_EMPTY_BODY = YES;
				CLANG_WARN_ENUM_CONVERSION = YES;
				CLANG_WARN_INT_CONVERSION = YES;
				CLANG_WARN_OBJC_ROOT_CLASS = YES_ERROR;
				CLANG_WARN_UNREACHABLE_CODE = YES;
				CLANG_WARN__DUPLICATE_METHOD_MATCH = YES;
				"CODE_SIGN_IDENTITY[sdk=iphoneos*]" = "iPhone Developer";
				COPY_PHASE_STRIP = NO;
				DEBUG_INFORMATION_FORMAT = "dwarf-with-dsym";
				ENABLE_NS_ASSERTIONS = NO;
				ENABLE_STRICT_OBJC_MSGSEND = YES;
				GCC_C_LANGUAGE_STANDARD = gnu99;
				GCC_NO_COMMON_BLOCKS = YES;
				GCC_WARN_64_TO_32_BIT_CONVERSION = YES;
				GCC_WARN_ABOUT_RETURN_TYPE = YES_ERROR;
				GCC_WARN_UNDECLARED_SELECTOR = YES;
				GCC_WARN_UNINITIALIZED_AUTOS = YES_AGGRESSIVE;
				GCC_WARN_UNUSED_FUNCTION = YES;
				GCC_WARN_UNUSED_VARIABLE = YES;
				IPHONEOS_DEPLOYMENT_TARGET = 8.4;
				MTL_ENABLE_DEBUG_INFO = NO;
				SDKROOT = iphoneos;
				VALIDATE_PRODUCT = YES;
			};
			name = Release;
		};
		B30A15C51B77DA0400E5F3F2 /* Debug */ = {
			isa = XCBuildConfiguration;
			buildSettings = {
				ASSETCATALOG_COMPILER_APPICON_NAME = AppIcon;
				INFOPLIST_FILE = "Virtual Tourist/Info.plist";
				LD_RUNPATH_SEARCH_PATHS = "$(inherited) @executable_path/Frameworks";
				PRODUCT_NAME = "$(TARGET_NAME)";
			};
			name = Debug;
		};
		B30A15C61B77DA0400E5F3F2 /* Release */ = {
			isa = XCBuildConfiguration;
			buildSettings = {
				ASSETCATALOG_COMPILER_APPICON_NAME = AppIcon;
				INFOPLIST_FILE = "Virtual Tourist/Info.plist";
				LD_RUNPATH_SEARCH_PATHS = "$(inherited) @executable_path/Frameworks";
				PRODUCT_NAME = "$(TARGET_NAME)";
			};
			name = Release;
		};
		B30A15C81B77DA0400E5F3F2 /* Debug */ = {
			isa = XCBuildConfiguration;
			buildSettings = {
				BUNDLE_LOADER = "$(TEST_HOST)";
				FRAMEWORK_SEARCH_PATHS = (
					"$(SDKROOT)/Developer/Library/Frameworks",
					"$(inherited)",
				);
				GCC_PREPROCESSOR_DEFINITIONS = (
					"DEBUG=1",
					"$(inherited)",
				);
				INFOPLIST_FILE = "Virtual TouristTests/Info.plist";
				LD_RUNPATH_SEARCH_PATHS = "$(inherited) @executable_path/Frameworks @loader_path/Frameworks";
				PRODUCT_NAME = "$(TARGET_NAME)";
				TEST_HOST = "$(BUILT_PRODUCTS_DIR)/Virtual Tourist.app/Virtual Tourist";
			};
			name = Debug;
		};
		B30A15C91B77DA0400E5F3F2 /* Release */ = {
			isa = XCBuildConfiguration;
			buildSettings = {
				BUNDLE_LOADER = "$(TEST_HOST)";
				FRAMEWORK_SEARCH_PATHS = (
					"$(SDKROOT)/Developer/Library/Frameworks",
					"$(inherited)",
				);
				INFOPLIST_FILE = "Virtual TouristTests/Info.plist";
				LD_RUNPATH_SEARCH_PATHS = "$(inherited) @executable_path/Frameworks @loader_path/Frameworks";
				PRODUCT_NAME = "$(TARGET_NAME)";
				TEST_HOST = "$(BUILT_PRODUCTS_DIR)/Virtual Tourist.app/Virtual Tourist";
			};
			name = Release;
		};
/* End XCBuildConfiguration section */

/* Begin XCConfigurationList section */
		B30A159D1B77DA0300E5F3F2 /* Build configuration list for PBXProject "Virtual Tourist" */ = {
			isa = XCConfigurationList;
			buildConfigurations = (
				B30A15C21B77DA0400E5F3F2 /* Debug */,
				B30A15C31B77DA0400E5F3F2 /* Release */,
			);
			defaultConfigurationIsVisible = 0;
			defaultConfigurationName = Release;
		};
		B30A15C41B77DA0400E5F3F2 /* Build configuration list for PBXNativeTarget "Virtual Tourist" */ = {
			isa = XCConfigurationList;
			buildConfigurations = (
				B30A15C51B77DA0400E5F3F2 /* Debug */,
				B30A15C61B77DA0400E5F3F2 /* Release */,
			);
			defaultConfigurationIsVisible = 0;
			defaultConfigurationName = Release;
		};
		B30A15C71B77DA0400E5F3F2 /* Build configuration list for PBXNativeTarget "Virtual TouristTests" */ = {
			isa = XCConfigurationList;
			buildConfigurations = (
				B30A15C81B77DA0400E5F3F2 /* Debug */,
				B30A15C91B77DA0400E5F3F2 /* Release */,
			);
			defaultConfigurationIsVisible = 0;
			defaultConfigurationName = Release;
		};
/* End XCConfigurationList section */

/* Begin XCVersionGroup section */
		B30A15A91B77DA0400E5F3F2 /* Virtual_Tourist.xcdatamodeld */ = {
			isa = XCVersionGroup;
			children = (
				B30A15AA1B77DA0400E5F3F2 /* Virtual_Tourist.xcdatamodel */,
			);
			currentVersion = B30A15AA1B77DA0400E5F3F2 /* Virtual_Tourist.xcdatamodel */;
			path = Virtual_Tourist.xcdatamodeld;
			sourceTree = "<group>";
			versionGroupType = wrapper.xcdatamodel;
		};
/* End XCVersionGroup section */
	};
	rootObject = B30A159A1B77DA0300E5F3F2 /* Project object */;
}
